
Microsoft Visual Studio Solution File, Format Version 12.00
# Visual Studio Version 17
VisualStudioVersion = 17.14.36212.18 d17.14
MinimumVisualStudioVersion = 10.0.40219.1
Project("{FAE04EC0-301F-11D3-BF4B-00C04F79EFBC}") = "JWT_Token", "JWT_Token\JWT_Token.csproj", "{4286C501-23FF-4686-8F35-C7B7AD78B7A5}"
EndProject
Global
	GlobalSection(SolutionConfigurationPlatforms) = preSolution
		Debug|Any CPU = Debug|Any CPU
		Release|Any CPU = Release|Any CPU
	EndGlobalSection
	GlobalSection(ProjectConfigurationPlatforms) = postSolution
		{4286C501-23FF-4686-8F35-C7B7AD78B7A5}.Debug|Any CPU.ActiveCfg = Debug|Any CPU
		{4286C501-23FF-4686-8F35-C7B7AD78B7A5}.Debug|Any CPU.Build.0 = Debug|Any CPU
		{4286C501-23FF-4686-8F35-C7B7AD78B7A5}.Release|Any CPU.ActiveCfg = Release|Any CPU
		{4286C501-23FF-4686-8F35-C7B7AD78B7A5}.Release|Any CPU.Build.0 = Release|Any CPU
	EndGlobalSection
	GlobalSection(SolutionProperties) = preSolution
		HideSolutionNode = FALSE
	EndGlobalSection
	GlobalSection(ExtensibilityGlobals) = postSolution
		SolutionGuid = {D6408EA5-92AC-44B6-A0F7-D0351E635C26}
	EndGlobalSection
EndGlobal
